
Microsoft Visual Studio Solution File, Format Version 12.00
# Visual Studio 15
VisualStudioVersion = 15.0.28307.1585
MinimumVisualStudioVersion = 10.0.40219.1
Project("{FAE04EC0-301F-11D3-BF4B-00C04F79EFBC}") = "TesteAuvo", "TesteAuvo\TesteAuvo.csproj", "{74645F27-D322-4D15-B1A7-4D697D83A789}"
EndProject
Project("{FAE04EC0-301F-11D3-BF4B-00C04F79EFBC}") = "TesteAuvo.Data", "TesteAuvo.Data\TesteAuvo.Data.csproj", "{DD657AD3-639E-4BC7-B4A0-677F6B6AB35C}"
EndProject
Global
	GlobalSection(SolutionConfigurationPlatforms) = preSolution
		Debug|Any CPU = Debug|Any CPU
		Release|Any CPU = Release|Any CPU
	EndGlobalSection
	GlobalSection(ProjectConfigurationPlatforms) = postSolution
		{74645F27-D322-4D15-B1A7-4D697D83A789}.Debug|Any CPU.ActiveCfg = Debug|Any CPU
		{74645F27-D322-4D15-B1A7-4D697D83A789}.Debug|Any CPU.Build.0 = Debug|Any CPU
		{74645F27-D322-4D15-B1A7-4D697D83A789}.Release|Any CPU.ActiveCfg = Release|Any CPU
		{74645F27-D322-4D15-B1A7-4D697D83A789}.Release|Any CPU.Build.0 = Release|Any CPU
		{DD657AD3-639E-4BC7-B4A0-677F6B6AB35C}.Debug|Any CPU.ActiveCfg = Debug|Any CPU
		{DD657AD3-639E-4BC7-B4A0-677F6B6AB35C}.Debug|Any CPU.Build.0 = Debug|Any CPU
		{DD657AD3-639E-4BC7-B4A0-677F6B6AB35C}.Release|Any CPU.ActiveCfg = Release|Any CPU
		{DD657AD3-639E-4BC7-B4A0-677F6B6AB35C}.Release|Any CPU.Build.0 = Release|Any CPU
	EndGlobalSection
	GlobalSection(SolutionProperties) = preSolution
		HideSolutionNode = FALSE
	EndGlobalSection
	GlobalSection(ExtensibilityGlobals) = postSolution
		SolutionGuid = {3C83E4E9-9747-49A7-B660-B915EC1C2764}
	EndGlobalSection
EndGlobal
